
Microsoft Visual Studio Solution File, Format Version 12.00
# Visual Studio Version 16
VisualStudioVersion = 16.0.28922.388
MinimumVisualStudioVersion = 10.0.40219.1
Project("{9A19103F-16F7-4668-BE54-9A1E7A4F7556}") = "web", "web.csproj", "{7F220412-EE83-4CD3-9D49-151F4A7A3604}"
EndProject
Global
	GlobalSection(SolutionConfigurationPlatforms) = preSolution
		Debug|Any CPU = Debug|Any CPU
		Release|Any CPU = Release|Any CPU
	EndGlobalSection
	GlobalSection(ProjectConfigurationPlatforms) = postSolution
		{7F220412-EE83-4CD3-9D49-151F4A7A3604}.Debug|Any CPU.ActiveCfg = Debug|Any CPU
		{7F220412-EE83-4CD3-9D49-151F4A7A3604}.Debug|Any CPU.Build.0 = Debug|Any CPU
		{7F220412-EE83-4CD3-9D49-151F4A7A3604}.Release|Any CPU.ActiveCfg = Release|Any CPU
		{7F220412-EE83-4CD3-9D49-151F4A7A3604}.Release|Any CPU.Build.0 = Release|Any CPU
	EndGlobalSection
	GlobalSection(SolutionProperties) = preSolution
		HideSolutionNode = FALSE
	EndGlobalSection
	GlobalSection(ExtensibilityGlobals) = postSolution
		SolutionGuid = {76C5955D-14DD-40B9-9B7B-1365582B4B29}
	EndGlobalSection
EndGlobal
